{
  "name": "asri",
  "version": "3.1.0",
  "lockfileVersion": 3,
  "requires": true,
  "packages": {
    "": {
      "name": "asri",
      "version": "3.1.0",
      "license": "MIT",
      "dependencies": {
        "fastdom": "^1.0.12"
      }
    },
    "node_modules/fastdom": {
      "version": "1.0.12",
      "resolved": "https://registry.npmjs.org/fastdom/-/fastdom-1.0.12.tgz",
      "integrity": "sha512-LB+xjSTEbjHE1cWsxu+tN2Xqr1kpi+V9aADI7sVM5ZMaXyYGPHULQMzpJMYqOTULK/73pUkWVzzObFRBkPr+hg==",
      "dependencies": {
        "strictdom": "^1.0.1"
      }
    },
    "node_modules/strictdom": {
      "version": "1.0.1",
      "resolved": "https://registry.npmjs.org/strictdom/-/strictdom-1.0.1.tgz",
      "integrity": "sha512-cEmp9QeXXRmjj/rVp9oyiqcvyocWab/HaoN4+bwFeZ7QzykJD6L3yD4v12K1x0tHpqRqVpJevN3gW7kyM39Bqg=="
    }
  }
}
